
Microsoft Visual Studio Solution File, Format Version 12.00
# Visual Studio Version 16
VisualStudioVersion = 16.0.31229.75
MinimumVisualStudioVersion = 10.0.40219.1
Project("{8BC9CEB8-8B4A-11D0-8D11-00A0C91BC942}") = "Cpp-to-Html", "Cpp-to-Html\Cpp-to-Html.vcxproj", "{360A2434-639B-4C98-A174-C7A5EA2C668C}"
EndProject
Global
	GlobalSection(SolutionConfigurationPlatforms) = preSolution
		Debug|x64 = Debug|x64
		Debug|x86 = Debug|x86
		Release|x64 = Release|x64
		Release|x86 = Release|x86
	EndGlobalSection
	GlobalSection(ProjectConfigurationPlatforms) = postSolution
		{360A2434-639B-4C98-A174-C7A5EA2C668C}.Debug|x64.ActiveCfg = Debug|x64
		{360A2434-639B-4C98-A174-C7A5EA2C668C}.Debug|x64.Build.0 = Debug|x64
		{360A2434-639B-4C98-A174-C7A5EA2C668C}.Debug|x86.ActiveCfg = Debug|Win32
		{360A2434-639B-4C98-A174-C7A5EA2C668C}.Debug|x86.Build.0 = Debug|Win32
		{360A2434-639B-4C98-A174-C7A5EA2C668C}.Release|x64.ActiveCfg = Release|x64
		{360A2434-639B-4C98-A174-C7A5EA2C668C}.Release|x64.Build.0 = Release|x64
		{360A2434-639B-4C98-A174-C7A5EA2C668C}.Release|x86.ActiveCfg = Release|Win32
		{360A2434-639B-4C98-A174-C7A5EA2C668C}.Release|x86.Build.0 = Release|Win32
	EndGlobalSection
	GlobalSection(SolutionProperties) = preSolution
		HideSolutionNode = FALSE
	EndGlobalSection
	GlobalSection(ExtensibilityGlobals) = postSolution
		SolutionGuid = {758F0007-2622-4A97-B502-4CDDE4D7C420}
	EndGlobalSection
EndGlobal
